{
  "name": "sensor-widgets",
  "version": "0.2.0",
  "lockfileVersion": 1,
  "requires": true,
  "dependencies": {
    "bootstrap": {
      "version": "3.4.1",
      "resolved": "https://registry.npmjs.org/bootstrap/-/bootstrap-3.4.1.tgz",
      "integrity": "sha512-yN5oZVmRCwe5aKwzRj6736nSmKDX7pLYwsXiCj/EYmo16hODaBiT4En5btW/jhBF/seV+XMx3aYwukYC3A49DA=="
    },
    "daterangepicker": {
      "version": "3.1.0",
      "resolved": "https://registry.npmjs.org/daterangepicker/-/daterangepicker-3.1.0.tgz",
      "integrity": "sha512-DxWXvvPq4srWLCqFugqSV+6CBt/CvQ0dnpXhQ3gl0autcIDAruG1PuGG3gC7yPRNytAD1oU1AcUOzaYhOawhTw==",
      "requires": {
        "jquery": ">=1.10",
        "moment": "^2.9.0"
      }
    },
    "flot": {
      "version": "4.2.1",
      "resolved": "https://registry.npmjs.org/flot/-/flot-4.2.1.tgz",
      "integrity": "sha1-pE6iQN7O5Ry9ddl8pp7BLlk2XSc="
    },
    "flot-plugins": {
      "version": "3.9.1",
      "resolved": "https://registry.npmjs.org/flot-plugins/-/flot-plugins-3.9.1.tgz",
      "integrity": "sha1-VTaPvryipaaqgpH8YXS65UxVxlw=",
      "requires": {
        "flot": "^4.1.0",
        "jquery": "^3.1.0",
        "ni-data-types": "^1.0.5"
      },
      "dependencies": {
        "jquery": {
          "version": "3.5.1",
          "resolved": "https://registry.npmjs.org/jquery/-/jquery-3.5.1.tgz",
          "integrity": "sha1-17TQjhv9uGrS8aPQOeoXMEcXq7U="
        },
        "ni-data-types": {
          "version": "1.3.0",
          "resolved": "https://registry.npmjs.org/ni-data-types/-/ni-data-types-1.3.0.tgz",
          "integrity": "sha1-XnpV+yZRYlLe0FUNm/eFPyKSkBo="
        }
      }
    },
    "highcharts": {
      "version": "8.2.0",
      "resolved": "https://registry.npmjs.org/highcharts/-/highcharts-8.2.0.tgz",
      "integrity": "sha512-s3R7UEaMWUDJNxFfdjuiOtI8rnSvhEZUNN4TA7LiDRc9Tw7DUKvTv5WXSTYzxojokLbybwwlf9t3jg/meAUTnQ=="
    },
    "highlightjs": {
      "version": "9.16.2",
      "resolved": "https://registry.npmjs.org/highlightjs/-/highlightjs-9.16.2.tgz",
      "integrity": "sha512-FK1vmMj8BbEipEy8DLIvp71t5UsC7n2D6En/UfM/91PCwmOpj6f2iu0Y0coRC62KSRHHC+dquM2xMULV/X7NFg=="
    },
    "jqgrid": {
      "version": "4.6.4",
      "resolved": "https://registry.npmjs.org/jqgrid/-/jqgrid-4.6.4.tgz",
      "integrity": "sha1-Zlw0wXjsf9y7L8cB5CMahk6l2EM="
    },
    "jquery": {
      "version": "3.5.1",
      "resolved": "https://registry.npmjs.org/jquery/-/jquery-3.5.1.tgz",
      "integrity": "sha1-17TQjhv9uGrS8aPQOeoXMEcXq7U="
    },
    "jquery-ui": {
      "version": "1.12.1",
      "resolved": "https://registry.npmjs.org/jquery-ui/-/jquery-ui-1.12.1.tgz",
      "integrity": "sha1-vLQEXI3QU5wTS8FIjN0+dop6nlE="
    },
    "leaflet": {
      "version": "1.7.1",
      "resolved": "https://registry.npmjs.org/leaflet/-/leaflet-1.7.1.tgz",
      "integrity": "sha1-ENaEkW7f4b9B1oijuXEnwDIqKhk="
    },
    "leaflet.markercluster": {
      "version": "1.4.1",
      "resolved": "https://registry.npmjs.org/leaflet.markercluster/-/leaflet.markercluster-1.4.1.tgz",
      "integrity": "sha512-ZSEpE/EFApR0bJ1w/dUGwTSUvWlpalKqIzkaYdYB7jaftQA/Y2Jav+eT4CMtEYFj+ZK4mswP13Q2acnPBnhGOw=="
    },
    "moment": {
      "version": "2.27.0",
      "resolved": "https://registry.npmjs.org/moment/-/moment-2.27.0.tgz",
      "integrity": "sha512-al0MUK7cpIcglMv3YF13qSgdAIqxHTO7brRtaz3DlSULbqfazqkc5kEjNrLDOM7fsjshoFIihnU8snrP7zUvhQ=="
    }
  }
}
